
Microsoft Visual Studio Solution File, Format Version 12.00
# Visual Studio Version 16
VisualStudioVersion = 16.0.31112.23
MinimumVisualStudioVersion = 10.0.40219.1
Project("{9A19103F-16F7-4668-BE54-9A1E7A4F7556}") = "GidsMultiplayerMap", "GidsMultiplayerMap.csproj", "{94F46DC4-5493-4AED-8996-FBD33EF4847D}"
EndProject
Global
	GlobalSection(SolutionConfigurationPlatforms) = preSolution
		Debug|Any CPU = Debug|Any CPU
		Release|Any CPU = Release|Any CPU
	EndGlobalSection
	GlobalSection(ProjectConfigurationPlatforms) = postSolution
		{94F46DC4-5493-4AED-8996-FBD33EF4847D}.Debug|Any CPU.ActiveCfg = Debug|Any CPU
		{94F46DC4-5493-4AED-8996-FBD33EF4847D}.Debug|Any CPU.Build.0 = Debug|Any CPU
		{94F46DC4-5493-4AED-8996-FBD33EF4847D}.Release|Any CPU.ActiveCfg = Release|Any CPU
		{94F46DC4-5493-4AED-8996-FBD33EF4847D}.Release|Any CPU.Build.0 = Release|Any CPU
	EndGlobalSection
	GlobalSection(SolutionProperties) = preSolution
		HideSolutionNode = FALSE
	EndGlobalSection
	GlobalSection(ExtensibilityGlobals) = postSolution
		SolutionGuid = {55B48429-92E7-466C-AB76-6A65E60AA7C0}
	EndGlobalSection
EndGlobal
